
Microsoft Visual Studio Solution File, Format Version 12.00
# Visual Studio Version 17
VisualStudioVersion = 17.3.32929.385
MinimumVisualStudioVersion = 10.0.40219.1
Project("{FAE04EC0-301F-11D3-BF4B-00C04F79EFBC}") = "LoginPage", "LoginPage\LoginPage.csproj", "{536F837B-A0C6-4B04-8D61-D5DC89EB0EFA}"
EndProject
Global
	GlobalSection(SolutionConfigurationPlatforms) = preSolution
		Debug|Any CPU = Debug|Any CPU
		Release|Any CPU = Release|Any CPU
	EndGlobalSection
	GlobalSection(ProjectConfigurationPlatforms) = postSolution
		{536F837B-A0C6-4B04-8D61-D5DC89EB0EFA}.Debug|Any CPU.ActiveCfg = Debug|Any CPU
		{536F837B-A0C6-4B04-8D61-D5DC89EB0EFA}.Debug|Any CPU.Build.0 = Debug|Any CPU
		{536F837B-A0C6-4B04-8D61-D5DC89EB0EFA}.Release|Any CPU.ActiveCfg = Release|Any CPU
		{536F837B-A0C6-4B04-8D61-D5DC89EB0EFA}.Release|Any CPU.Build.0 = Release|Any CPU
	EndGlobalSection
	GlobalSection(SolutionProperties) = preSolution
		HideSolutionNode = FALSE
	EndGlobalSection
	GlobalSection(ExtensibilityGlobals) = postSolution
		SolutionGuid = {FD576F92-4CD7-4777-8E8F-9278E9259893}
	EndGlobalSection
EndGlobal
